
Microsoft Visual Studio Solution File, Format Version 12.00
# Visual Studio 15
VisualStudioVersion = 15.0.28307.168
MinimumVisualStudioVersion = 10.0.40219.1
Project("{FAE04EC0-301F-11D3-BF4B-00C04F79EFBC}") = "smartdressroom", "smartdressroom\smartdressroom.csproj", "{17625C93-38AB-4F9B-8B51-D2290988636E}"
EndProject
Global
	GlobalSection(SolutionConfigurationPlatforms) = preSolution
		Debug|Any CPU = Debug|Any CPU
		Release|Any CPU = Release|Any CPU
	EndGlobalSection
	GlobalSection(ProjectConfigurationPlatforms) = postSolution
		{17625C93-38AB-4F9B-8B51-D2290988636E}.Debug|Any CPU.ActiveCfg = Debug|Any CPU
		{17625C93-38AB-4F9B-8B51-D2290988636E}.Debug|Any CPU.Build.0 = Debug|Any CPU
		{17625C93-38AB-4F9B-8B51-D2290988636E}.Release|Any CPU.ActiveCfg = Release|Any CPU
		{17625C93-38AB-4F9B-8B51-D2290988636E}.Release|Any CPU.Build.0 = Release|Any CPU
	EndGlobalSection
	GlobalSection(SolutionProperties) = preSolution
		HideSolutionNode = FALSE
	EndGlobalSection
	GlobalSection(ExtensibilityGlobals) = postSolution
		SolutionGuid = {6BC83EDD-C279-47E8-A427-496A6BA7818E}
	EndGlobalSection
EndGlobal
